<?xml version="1.0" encoding="utf-8"?>
<Project ToolsVersion="4.0" xmlns="http://schemas.microsoft.com/developer/msbuild/2003">
  <ItemGroup>
    <Filter Include="Source Files">
      <UniqueIdentifier>{4FC737F1-C7A5-4376-A066-2A32D752A2FF}</UniqueIdentifier>
      <Extensions>cpp;c;cc;cxx;def;odl;idl;hpj;bat;asm;asmx</Extensions>
    </Filter>
    <Filter Include="Header Files">
      <UniqueIdentifier>{93995380-89BD-4b04-88EB-625FBE52EBFB}</UniqueIdentifier>
      <Extensions>h;hh;hpp;hxx;hm;inl;inc;xsd</Extensions>
    </Filter>
    <Filter Include="Resource Files">
      <UniqueIdentifier>{67DA6AB6-F800-4c08-8B7A-83BB121AAD01}</UniqueIdentifier>
      <Extensions>rc;ico;cur;bmp;dlg;rc2;rct;bin;rgs;gif;jpg;jpeg;jpe;resx;tiff;tif;png;wav</Extensions>
    </Filter>
  </ItemGroup>
  <ItemGroup>
    <ClCompile Include="102_Binary Tree Level Order Traversal.cpp">
      <Filter>Source Files</Filter>
    </ClCompile>
    <ClCompile Include="105_Construct Binary Tree from Preorder and Inorder Traversal.cpp">
      <Filter>Source Files</Filter>
    </ClCompile>
    <ClCompile Include="105_Construct Binary Tree from Preorder and Inorder Traversal2.cpp">
      <Filter>Source Files</Filter>
    </ClCompile>
    <ClCompile Include="106_Construct Binary Tree from Inorder and Postorder Traversal.cpp">
      <Filter>Source Files</Filter>
    </ClCompile>
    <ClCompile Include="109_Convert Sorted List to Binary Search Tree.cpp">
      <Filter>Source Files</Filter>
    </ClCompile>
    <ClCompile Include="109_Convert Sorted List to Binary Search Tree2.cpp">
      <Filter>Source Files</Filter>
    </ClCompile>
    <ClCompile Include="113_Path Sum II.cpp">
      <Filter>Source Files</Filter>
    </ClCompile>
    <ClCompile Include="113_Path Sum II2.cpp">
      <Filter>Source Files</Filter>
    </ClCompile>
    <ClCompile Include="114_ Flatten Binary Tree to Linked List.cpp">
      <Filter>Source Files</Filter>
    </ClCompile>
    <ClCompile Include="114_Flatten Binary Tree to Linked List2.cpp">
      <Filter>Source Files</Filter>
    </ClCompile>
    <ClCompile Include="116_Populating Next Right Pointers in Each Node.cpp">
      <Filter>Source Files</Filter>
    </ClCompile>
    <ClCompile Include="116_Populating Next Right Pointers in Each Node2.cpp">
      <Filter>Source Files</Filter>
    </ClCompile>
    <ClCompile Include="117_Populating Next Right Pointers in Each Node II.cpp">
      <Filter>Source Files</Filter>
    </ClCompile>
    <ClCompile Include="120_Triangle.cpp">
      <Filter>Source Files</Filter>
    </ClCompile>
    <ClCompile Include="121_ Best Time to Buy and Sell Stock.cpp">
      <Filter>Source Files</Filter>
    </ClCompile>
    <ClCompile Include="124_ Binary Tree Maximum Path Sum.cpp">
      <Filter>Source Files</Filter>
    </ClCompile>
    <ClCompile Include="126_Word Ladder II.cpp">
      <Filter>Source Files</Filter>
    </ClCompile>
    <ClCompile Include="127_Word Ladder.cpp">
      <Filter>Source Files</Filter>
    </ClCompile>
    <ClCompile Include="128._Longest Consecutive Sequence.cpp">
      <Filter>Source Files</Filter>
    </ClCompile>
    <ClCompile Include="129_Sum Root to Leaf Numbers.cpp">
      <Filter>Source Files</Filter>
    </ClCompile>
    <ClCompile Include="129_Sum Root to Leaf Numbers2.cpp">
      <Filter>Source Files</Filter>
    </ClCompile>
    <ClCompile Include="130_Surrounded Regions.cpp">
      <Filter>Source Files</Filter>
    </ClCompile>
    <ClCompile Include="130_Surrounded Regions2.cpp">
      <Filter>Source Files</Filter>
    </ClCompile>
    <ClCompile Include="131_Palindrome Partitioning.cpp">
      <Filter>Source Files</Filter>
    </ClCompile>
    <ClCompile Include="132_Palindrome Partitioning II.cpp">
      <Filter>Source Files</Filter>
    </ClCompile>
    <ClCompile Include="133_Clone_Graph.cpp">
      <Filter>Source Files</Filter>
    </ClCompile>
    <ClCompile Include="134_Gas_station.cpp">
      <Filter>Source Files</Filter>
    </ClCompile>
    <ClCompile Include="135_Candy.cpp">
      <Filter>Source Files</Filter>
    </ClCompile>
    <ClCompile Include="138_Copy List with Random Pointer.cpp">
      <Filter>Source Files</Filter>
    </ClCompile>
    <ClCompile Include="139_ Word Break.cpp">
      <Filter>Source Files</Filter>
    </ClCompile>
    <ClCompile Include="140_Word Break II.cpp">
      <Filter>Source Files</Filter>
    </ClCompile>
    <ClCompile Include="142_Linked List Cycle II.cpp">
      <Filter>Source Files</Filter>
    </ClCompile>
    <ClCompile Include="143_Reorder List.cpp">
      <Filter>Source Files</Filter>
    </ClCompile>
    <ClCompile Include="144_Binary Tree Preorder Traversal.cpp">
      <Filter>Source Files</Filter>
    </ClCompile>
    <ClCompile Include="145_Binary Tree Postorder Traversal.cpp">
      <Filter>Source Files</Filter>
    </ClCompile>
    <ClCompile Include="146_LRU Cache.cpp">
      <Filter>Source Files</Filter>
    </ClCompile>
    <ClCompile Include="147_Insertion_Sort_List.cpp">
      <Filter>Source Files</Filter>
    </ClCompile>
    <ClCompile Include="148_Sort List.cpp">
      <Filter>Source Files</Filter>
    </ClCompile>
    <ClCompile Include="149_Max Points on a Line.cpp">
      <Filter>Source Files</Filter>
    </ClCompile>
    <ClCompile Include="150_Evaluate Reverse Polish Notation.cpp">
      <Filter>Source Files</Filter>
    </ClCompile>
    <ClCompile Include="151_Reverse Words in a String.cpp">
      <Filter>Source Files</Filter>
    </ClCompile>
    <ClCompile Include="152_Maximum Product Subarray.cpp">
      <Filter>Source Files</Filter>
    </ClCompile>
    <ClCompile Include="153_Find Minimum in Rotated Sorted Array.cpp">
      <Filter>Source Files</Filter>
    </ClCompile>
    <ClCompile Include="154_Find Minimum in Rotated Sorted Array II.cpp">
      <Filter>Source Files</Filter>
    </ClCompile>
    <ClCompile Include="162_Find Peak Element.cpp">
      <Filter>Source Files</Filter>
    </ClCompile>
    <ClCompile Include="164_Maximum Gap.cpp">
      <Filter>Source Files</Filter>
    </ClCompile>
    <ClCompile Include="166_Fraction to Recurring Decimal.cpp">
      <Filter>Source Files</Filter>
    </ClCompile>
    <ClCompile Include="173_Binary Search Tree Iterator.cpp">
      <Filter>Source Files</Filter>
    </ClCompile>
    <ClCompile Include="174_Dungeon Game.cpp">
      <Filter>Source Files</Filter>
    </ClCompile>
    <ClCompile Include="179_Largest Number.cpp">
      <Filter>Source Files</Filter>
    </ClCompile>
    <ClCompile Include="187_Repeated DNA Sequences.cpp">
      <Filter>Source Files</Filter>
    </ClCompile>
    <ClCompile Include="188_Best Time to Buy and Sell Stock IV.cpp">
      <Filter>Source Files</Filter>
    </ClCompile>
    <ClCompile Include="199_Binary Tree Right Side View.cpp">
      <Filter>Source Files</Filter>
    </ClCompile>
    <ClCompile Include="200_Number of Islands.cpp">
      <Filter>Source Files</Filter>
    </ClCompile>
    <ClCompile Include="200_Number of Islands2.cpp">
      <Filter>Source Files</Filter>
    </ClCompile>
    <ClCompile Include="201_Bitwise AND of Numbers Range.cpp">
      <Filter>Source Files</Filter>
    </ClCompile>
    <ClCompile Include="207_Course Schedule.cpp">
      <Filter>Source Files</Filter>
    </ClCompile>
    <ClCompile Include="208_Implement Trie (Prefix Tree).cpp">
      <Filter>Source Files</Filter>
    </ClCompile>
    <ClCompile Include="209_Minimum Size Subarray Sum.cpp">
      <Filter>Source Files</Filter>
    </ClCompile>
    <ClCompile Include="210_Course Schedule II.cpp">
      <Filter>Source Files</Filter>
    </ClCompile>
    <ClCompile Include="211_Add and Search Word - Data structure design.cpp">
      <Filter>Source Files</Filter>
    </ClCompile>
    <ClCompile Include="212_Word Search II.cpp">
      <Filter>Source Files</Filter>
    </ClCompile>
    <ClCompile Include="213_House Robber II.cpp">
      <Filter>Source Files</Filter>
    </ClCompile>
    <ClCompile Include="214_Shortest Palindrome.cpp">
      <Filter>Source Files</Filter>
    </ClCompile>
    <ClCompile Include="215_Kth Largest Element in an Array.cpp">
      <Filter>Source Files</Filter>
    </ClCompile>
    <ClCompile Include="216_Combination Sum III.cpp">
      <Filter>Source Files</Filter>
    </ClCompile>
    <ClCompile Include="218_The Skyline Problem.cpp">
      <Filter>Source Files</Filter>
    </ClCompile>
    <ClCompile Include="220_Contains Duplicate III.cpp">
      <Filter>Source Files</Filter>
    </ClCompile>
    <ClCompile Include="221_Maximal Square.cpp">
      <Filter>Source Files</Filter>
    </ClCompile>
    <ClCompile Include="222_Count Complete Tree Nodes.cpp">
      <Filter>Source Files</Filter>
    </ClCompile>
    <ClCompile Include="223_Rectangle Area.cpp">
      <Filter>Source Files</Filter>
    </ClCompile>
    <ClCompile Include="224_Basic Calculator.cpp">
      <Filter>Source Files</Filter>
    </ClCompile>
    <ClCompile Include="225_Implement Stack using Queues.cpp">
      <Filter>Source Files</Filter>
    </ClCompile>
    <ClCompile Include="227_Basic Calculator II.cpp">
      <Filter>Source Files</Filter>
    </ClCompile>
    <ClCompile Include="228_Summary Ranges.cpp">
      <Filter>Source Files</Filter>
    </ClCompile>
    <ClCompile Include="229_Majority Element II.cpp">
      <Filter>Source Files</Filter>
    </ClCompile>
    <ClCompile Include="230_Kth Smallest Element in a BST.cpp">
      <Filter>Source Files</Filter>
    </ClCompile>
    <ClCompile Include="232_Implement Queue using Stacks.cpp">
      <Filter>Source Files</Filter>
    </ClCompile>
    <ClCompile Include="236_Lowest Common Ancestor of a Binary Tree.cpp">
      <Filter>Source Files</Filter>
    </ClCompile>
    <ClCompile Include="240_Search a 2D Matrix II.cpp">
      <Filter>Source Files</Filter>
    </ClCompile>
    <ClCompile Include="241_Different Ways to Add Parentheses.cpp">
      <Filter>Source Files</Filter>
    </ClCompile>
    <ClCompile Include="260_Single Number III.cpp">
      <Filter>Source Files</Filter>
    </ClCompile>
    <ClCompile Include="264_Ugly Number II.cpp">
      <Filter>Source Files</Filter>
    </ClCompile>
    <ClCompile Include="273_Integer to English Words.cpp">
      <Filter>Source Files</Filter>
    </ClCompile>
    <ClCompile Include="274_H-Index.cpp">
      <Filter>Source Files</Filter>
    </ClCompile>
    <ClCompile Include="279_Perfect Squares.cpp">
      <Filter>Source Files</Filter>
    </ClCompile>
    <ClCompile Include="282_Expression Add Operators.cpp">
      <Filter>Source Files</Filter>
    </ClCompile>
    <ClCompile Include="284_Peeking Iterator.cpp">
      <Filter>Source Files</Filter>
    </ClCompile>
    <ClCompile Include="287_Find the Duplicate Number.cpp">
      <Filter>Source Files</Filter>
    </ClCompile>
    <ClCompile Include="289_Game of Life.cpp">
      <Filter>Source Files</Filter>
    </ClCompile>
    <ClCompile Include="295_Find Median from Data Stream.cpp">
      <Filter>Source Files</Filter>
    </ClCompile>
    <ClCompile Include="299_Bulls and Cows.cpp">
      <Filter>Source Files</Filter>
    </ClCompile>
    <ClCompile Include="300_Longest Increasing Subsequence.cpp">
      <Filter>Source Files</Filter>
    </ClCompile>
    <ClCompile Include="301_Remove Invalid Parentheses.cpp">
      <Filter>Source Files</Filter>
    </ClCompile>
    <ClCompile Include="304_Range Sum Query 2D - Immutable.cpp">
      <Filter>Source Files</Filter>
    </ClCompile>
    <ClCompile Include="306_Additive Number.cpp">
      <Filter>Source Files</Filter>
    </ClCompile>
    <ClCompile Include="307_Range Sum Query - Mutable.cpp">
      <Filter>Source Files</Filter>
    </ClCompile>
    <ClCompile Include="309_Best Time to Buy and Sell Stock with Cooldown.cpp">
      <Filter>Source Files</Filter>
    </ClCompile>
    <ClCompile Include="310_Minimum Height Trees.cpp">
      <Filter>Source Files</Filter>
    </ClCompile>
    <ClCompile Include="312_Burst Balloons.cpp">
      <Filter>Source Files</Filter>
    </ClCompile>
    <ClCompile Include="313_Super Ugly Number.cpp">
      <Filter>Source Files</Filter>
    </ClCompile>
    <ClCompile Include="316_Remove Duplicate Letters.cpp">
      <Filter>Source Files</Filter>
    </ClCompile>
    <ClCompile Include="318_Maximum Product of Word Lengths.cpp">
      <Filter>Source Files</Filter>
    </ClCompile>
    <ClCompile Include="319_Bulb Switcher.cpp">
      <Filter>Source Files</Filter>
    </ClCompile>
    <ClCompile Include="321_Create Maximum Number.cpp">
      <Filter>Source Files</Filter>
    </ClCompile>
    <ClCompile Include="322_Coin_change.cpp">
      <Filter>Source Files</Filter>
    </ClCompile>
    <ClCompile Include="324_Wiggle Sort II.cpp">
      <Filter>Source Files</Filter>
    </ClCompile>
    <ClCompile Include="327_Count of Range SumGYTE4.cpp">
      <Filter>Source Files</Filter>
    </ClCompile>
    <ClCompile Include="328_Odd Even Linked List.cpp">
      <Filter>Source Files</Filter>
    </ClCompile>
    <ClCompile Include="329_Longest Increasing Path in a Matrix.cpp">
      <Filter>Source Files</Filter>
    </ClCompile>
    <ClCompile Include="332_Reconstruct Itinerary.cpp">
      <Filter>Source Files</Filter>
    </ClCompile>
    <ClCompile Include="337_House Robber III.cpp">
      <Filter>Source Files</Filter>
    </ClCompile>
    <ClCompile Include="347_Top K Frequent Elements.cpp">
      <Filter>Source Files</Filter>
    </ClCompile>
    <ClCompile Include="394_Decode String.cpp">
      <Filter>Source Files</Filter>
    </ClCompile>
    <ClCompile Include="417_Pacific Atlantic Water Flow.cpp">
      <Filter>Source Files</Filter>
    </ClCompile>
    <ClCompile Include="430_Flatten a Multilevel Doubly Linked List.cpp">
      <Filter>Source Files</Filter>
    </ClCompile>
    <ClCompile Include="462_Minimum Moves to Equal Array Elements II.cpp">
      <Filter>Source Files</Filter>
    </ClCompile>
    <ClCompile Include="472_Concatenated Words.cpp">
      <Filter>Source Files</Filter>
    </ClCompile>
    <ClCompile Include="473_Matchsticks to Square.cpp">
      <Filter>Source Files</Filter>
    </ClCompile>
    <ClCompile Include="47_Permutations II.cpp">
      <Filter>Source Files</Filter>
    </ClCompile>
    <ClCompile Include="488_Zuma Game.cpp">
      <Filter>Source Files</Filter>
    </ClCompile>
    <ClCompile Include="491_Increasing Subsequences.cpp">
      <Filter>Source Files</Filter>
    </ClCompile>
    <ClCompile Include="494_Target Sum.cpp">
      <Filter>Source Files</Filter>
    </ClCompile>
    <ClCompile Include="513_Find Bottom Left Tree Value.cpp">
      <Filter>Source Files</Filter>
    </ClCompile>
    <ClCompile Include="514_Freedom Trail.cpp">
      <Filter>Source Files</Filter>
    </ClCompile>
    <ClCompile Include="515_Find Largest Value in Each Tree Row.cpp">
      <Filter>Source Files</Filter>
    </ClCompile>
    <ClCompile Include="529_Minesweeper.cpp">
      <Filter>Source Files</Filter>
    </ClCompile>
    <ClCompile Include="542_01 Matrix.cpp">
      <Filter>Source Files</Filter>
    </ClCompile>
    <ClCompile Include="546_Remove Boxes.cpp">
      <Filter>Source Files</Filter>
    </ClCompile>
    <ClCompile Include="547_Friend Circles.cpp">
      <Filter>Source Files</Filter>
    </ClCompile>
    <ClCompile Include="576_Out of Boundary Paths.cpp">
      <Filter>Source Files</Filter>
    </ClCompile>
    <ClCompile Include="638_Shopping Offers.cpp">
      <Filter>Source Files</Filter>
    </ClCompile>
    <ClCompile Include="664_Strange Printer.cpp">
      <Filter>Source Files</Filter>
    </ClCompile>
    <ClCompile Include="721_Accounts Merge.cpp">
      <Filter>Source Files</Filter>
    </ClCompile>
    <ClCompile Include="743_Network Delay Time.cpp">
      <Filter>Source Files</Filter>
    </ClCompile>
    <ClCompile Include="749_Contain Virus.cpp">
      <Filter>Source Files</Filter>
    </ClCompile>
    <ClCompile Include="753_Cracking the Safe.cpp">
      <Filter>Source Files</Filter>
    </ClCompile>
    <ClCompile Include="756_Pyramid Transition Matrix.cpp">
      <Filter>Source Files</Filter>
    </ClCompile>
    <ClCompile Include="785_Is Graph Bipartite.cpp">
      <Filter>Source Files</Filter>
    </ClCompile>
    <ClCompile Include="797_All Paths From Source to Target.cpp">
      <Filter>Source Files</Filter>
    </ClCompile>
    <ClCompile Include="802_Find Eventual Safe States.cpp">
      <Filter>Source Files</Filter>
    </ClCompile>
    <ClCompile Include="81_Search_in_a_rotated_array.cpp">
      <Filter>Source Files</Filter>
    </ClCompile>
    <ClCompile Include="82_Remove Duplicates from Sorted List II.cpp">
      <Filter>Source Files</Filter>
    </ClCompile>
    <ClCompile Include="83_Remove_Duplicate_from_sorted_array.cpp">
      <Filter>Source Files</Filter>
    </ClCompile>
    <ClCompile Include="841_Keys and Rooms.cpp">
      <Filter>Source Files</Filter>
    </ClCompile>
    <ClCompile Include="84_Largest Rectangle in Histogram.cpp">
      <Filter>Source Files</Filter>
    </ClCompile>
    <ClCompile Include="851_Loud and Rich.cpp">
      <Filter>Source Files</Filter>
    </ClCompile>
    <ClCompile Include="85_Maximal Rectangle.cpp">
      <Filter>Source Files</Filter>
    </ClCompile>
    <ClCompile Include="863_All Nodes Distance K in Binary Tree.cpp">
      <Filter>Source Files</Filter>
    </ClCompile>
    <ClCompile Include="86_Partition List.cpp">
      <Filter>Source Files</Filter>
    </ClCompile>
    <ClCompile Include="87_Scramble String.cpp">
      <Filter>Source Files</Filter>
    </ClCompile>
    <ClCompile Include="89_Gray Code.cpp">
      <Filter>Source Files</Filter>
    </ClCompile>
    <ClCompile Include="90_Subsets II.cpp">
      <Filter>Source Files</Filter>
    </ClCompile>
    <ClCompile Include="91_decode ways.cpp">
      <Filter>Source Files</Filter>
    </ClCompile>
    <ClCompile Include="95_Unique Binary Search Trees II.cpp">
      <Filter>Source Files</Filter>
    </ClCompile>
    <ClCompile Include="97_Interleaving String.cpp">
      <Filter>Source Files</Filter>
    </ClCompile>
    <ClCompile Include="98_Validate Binary Search Tree.cpp">
      <Filter>Source Files</Filter>
    </ClCompile>
  </ItemGroup>
</Project>